
Microsoft Visual Studio Solution File, Format Version 12.00
# Visual Studio Version 17
VisualStudioVersion = 17.5.002.0
MinimumVisualStudioVersion = 10.0.40219.1
Project("{2150E333-8FDC-42A3-9474-1A3956D46DE8}") = "tools", "tools", "{457FFD7A-C9A5-4648-98CE-A8F31DA196E9}"
EndProject
Project("{FAE04EC0-301F-11D3-BF4B-00C04F79EFBC}") = "AttachProtoGrpc", "tools\AttachProtoGrpc\AttachProtoGrpc.csproj", "{D0813AA5-99A5-49DB-9106-76BE3BE14332}"
EndProject
Project("{2150E333-8FDC-42A3-9474-1A3956D46DE8}") = "aasx", "aasx", "{CA3A4509-4BA4-4D31-BC1B-5713D70A1304}"
EndProject
Project("{2150E333-8FDC-42A3-9474-1A3956D46DE8}") = "src", "src", "{A765F3D2-BED3-44C5-9F32-5D54627918E6}"
EndProject
Project("{FAE04EC0-301F-11D3-BF4B-00C04F79EFBC}") = "jsoncanonicalizer", "aasx\src\jsoncanonicalizer\jsoncanonicalizer.csproj", "{2EAAED94-A72A-4337-979B-973331009462}"
EndProject
Project("{FAE04EC0-301F-11D3-BF4B-00C04F79EFBC}") = "es6numberserializer", "aasx\src\es6numberserializer\es6numberserializer.csproj", "{3AAED4B1-CE14-4344-8FB1-356FD70528DF}"
EndProject
Project("{FAE04EC0-301F-11D3-BF4B-00C04F79EFBC}") = "AasxCsharpLibrary", "aasx\src\AasxCsharpLibrary\AasxCsharpLibrary.csproj", "{FF8A9FF8-7ADD-4D45-80FA-176AA337596E}"
EndProject
Project("{FAE04EC0-301F-11D3-BF4B-00C04F79EFBC}") = "IO.Swagger.Lib.V3", "aasx\src\IO.Swagger.Lib.V3\IO.Swagger.Lib.V3.csproj", "{6C9952F5-8B9F-492F-8E48-463BD0C159CE}"
EndProject
Project("{FAE04EC0-301F-11D3-BF4B-00C04F79EFBC}") = "AasCore.Aas3_0", "aasx\src\AasCore.Aas3_0\AasCore.Aas3_0.csproj", "{52FC9D1F-10A4-434F-944B-13F50C32691D}"
EndProject
Project("{FAE04EC0-301F-11D3-BF4B-00C04F79EFBC}") = "DataTransferObjects", "aasx\src\DataTransferObjects\DataTransferObjects.csproj", "{39644144-7FE2-4F80-B1B9-61C5FC6EDB9A}"
EndProject
Project("{FAE04EC0-301F-11D3-BF4B-00C04F79EFBC}") = "AasSecurity", "aasx\src\AasSecurity\AasSecurity.csproj", "{140898DF-FD48-404E-9509-D83B0AC89FB6}"
EndProject
Project("{FAE04EC0-301F-11D3-BF4B-00C04F79EFBC}") = "IO.Swagger.Registry.Lib.V3", "aasx\src\IO.Swagger.Registry.Lib.V3\IO.Swagger.Registry.Lib.V3.csproj", "{5860D67F-99F4-480E-8637-7C84B45F382A}"
EndProject
Project("{FAE04EC0-301F-11D3-BF4B-00C04F79EFBC}") = "ExampleClient", "aasx\src\ExampleClient\ExampleClient.csproj", "{C2ED8E90-8EA4-47B7-9CED-B14BBADF5324}"
EndProject
Project("{FAE04EC0-301F-11D3-BF4B-00C04F79EFBC}") = "AasxServerAspNetCore", "aasx\src\AasxServerAspNetCore\AasxServerAspNetCore.csproj", "{5FD7775B-BE53-4FF4-B039-97E1ADC8ADE5}"
EndProject
Project("{FAE04EC0-301F-11D3-BF4B-00C04F79EFBC}") = "AasxServerStandardBib", "aasx\src\AasxServerStandardBib\AasxServerStandardBib.csproj", "{1F4A15E7-E1D3-4CE5-AF92-00DC4D27BD4D}"
EndProject
Project("{2150E333-8FDC-42A3-9474-1A3956D46DE8}") = "src", "src", "{1996A4D4-8A4C-44AD-87DB-70F852032E2A}"
EndProject
Project("{FAE04EC0-301F-11D3-BF4B-00C04F79EFBC}") = "FSR.DigitalTwin.Domain", "src\FSR.DigitalTwin.Domain\FSR.DigitalTwin.Domain.csproj", "{34F7E3F0-4078-437D-8DF5-152A8F9A6779}"
EndProject
Project("{FAE04EC0-301F-11D3-BF4B-00C04F79EFBC}") = "FSR.DigitalTwin.App", "src\FSR.DigitalTwin.App\FSR.DigitalTwin.App.csproj", "{8E05A369-E94E-4120-B106-80B0B443775F}"
EndProject
Project("{FAE04EC0-301F-11D3-BF4B-00C04F79EFBC}") = "FSR.DigitalTwin.Infra", "src\FSR.DigitalTwin.Infra\FSR.DigitalTwin.Infra.csproj", "{3011EA59-3E42-4DD7-89A8-CB3600040109}"
EndProject
Project("{FAE04EC0-301F-11D3-BF4B-00C04F79EFBC}") = "FSR.DigitalTwin.API", "src\FSR.DigitalTwin.API\FSR.DigitalTwin.API.csproj", "{18B0AD06-FB29-415B-A365-730B7D6AFDC3}"
EndProject
Project("{FAE04EC0-301F-11D3-BF4B-00C04F79EFBC}") = "FSR.Aas.GRPC.Lib.V3", "src\FSR.Aas.GRPC.Lib.V3\FSR.Aas.GRPC.Lib.V3.csproj", "{53822CF8-5DBE-40EB-9C6F-E7F3B2F6B8E3}"
EndProject
Project("{FAE04EC0-301F-11D3-BF4B-00C04F79EFBC}") = "FSR.DigitalTwinLayer.GRPC.Lib", "src\FSR.DigitalTwinLayer.GRPC.Lib\FSR.DigitalTwinLayer.GRPC.Lib.csproj", "{2B153E29-E73F-4A2C-B6F1-085C1371070C}"
EndProject
Global
	GlobalSection(SolutionConfigurationPlatforms) = preSolution
		Debug|Any CPU = Debug|Any CPU
		Release|Any CPU = Release|Any CPU
	EndGlobalSection
	GlobalSection(ProjectConfigurationPlatforms) = postSolution
		{D0813AA5-99A5-49DB-9106-76BE3BE14332}.Debug|Any CPU.ActiveCfg = Debug|Any CPU
		{D0813AA5-99A5-49DB-9106-76BE3BE14332}.Debug|Any CPU.Build.0 = Debug|Any CPU
		{D0813AA5-99A5-49DB-9106-76BE3BE14332}.Release|Any CPU.ActiveCfg = Release|Any CPU
		{D0813AA5-99A5-49DB-9106-76BE3BE14332}.Release|Any CPU.Build.0 = Release|Any CPU
		{2EAAED94-A72A-4337-979B-973331009462}.Debug|Any CPU.ActiveCfg = Debug|Any CPU
		{2EAAED94-A72A-4337-979B-973331009462}.Debug|Any CPU.Build.0 = Debug|Any CPU
		{2EAAED94-A72A-4337-979B-973331009462}.Release|Any CPU.ActiveCfg = Release|Any CPU
		{2EAAED94-A72A-4337-979B-973331009462}.Release|Any CPU.Build.0 = Release|Any CPU
		{3AAED4B1-CE14-4344-8FB1-356FD70528DF}.Debug|Any CPU.ActiveCfg = Debug|Any CPU
		{3AAED4B1-CE14-4344-8FB1-356FD70528DF}.Debug|Any CPU.Build.0 = Debug|Any CPU
		{3AAED4B1-CE14-4344-8FB1-356FD70528DF}.Release|Any CPU.ActiveCfg = Release|Any CPU
		{3AAED4B1-CE14-4344-8FB1-356FD70528DF}.Release|Any CPU.Build.0 = Release|Any CPU
		{FF8A9FF8-7ADD-4D45-80FA-176AA337596E}.Debug|Any CPU.ActiveCfg = Debug|Any CPU
		{FF8A9FF8-7ADD-4D45-80FA-176AA337596E}.Debug|Any CPU.Build.0 = Debug|Any CPU
		{FF8A9FF8-7ADD-4D45-80FA-176AA337596E}.Release|Any CPU.ActiveCfg = Release|Any CPU
		{FF8A9FF8-7ADD-4D45-80FA-176AA337596E}.Release|Any CPU.Build.0 = Release|Any CPU
		{6C9952F5-8B9F-492F-8E48-463BD0C159CE}.Debug|Any CPU.ActiveCfg = Debug|Any CPU
		{6C9952F5-8B9F-492F-8E48-463BD0C159CE}.Debug|Any CPU.Build.0 = Debug|Any CPU
		{6C9952F5-8B9F-492F-8E48-463BD0C159CE}.Release|Any CPU.ActiveCfg = Release|Any CPU
		{6C9952F5-8B9F-492F-8E48-463BD0C159CE}.Release|Any CPU.Build.0 = Release|Any CPU
		{52FC9D1F-10A4-434F-944B-13F50C32691D}.Debug|Any CPU.ActiveCfg = Debug|Any CPU
		{52FC9D1F-10A4-434F-944B-13F50C32691D}.Debug|Any CPU.Build.0 = Debug|Any CPU
		{52FC9D1F-10A4-434F-944B-13F50C32691D}.Release|Any CPU.ActiveCfg = Release|Any CPU
		{52FC9D1F-10A4-434F-944B-13F50C32691D}.Release|Any CPU.Build.0 = Release|Any CPU
		{39644144-7FE2-4F80-B1B9-61C5FC6EDB9A}.Debug|Any CPU.ActiveCfg = Debug|Any CPU
		{39644144-7FE2-4F80-B1B9-61C5FC6EDB9A}.Debug|Any CPU.Build.0 = Debug|Any CPU
		{39644144-7FE2-4F80-B1B9-61C5FC6EDB9A}.Release|Any CPU.ActiveCfg = Release|Any CPU
		{39644144-7FE2-4F80-B1B9-61C5FC6EDB9A}.Release|Any CPU.Build.0 = Release|Any CPU
		{140898DF-FD48-404E-9509-D83B0AC89FB6}.Debug|Any CPU.ActiveCfg = Debug|Any CPU
		{140898DF-FD48-404E-9509-D83B0AC89FB6}.Debug|Any CPU.Build.0 = Debug|Any CPU
		{140898DF-FD48-404E-9509-D83B0AC89FB6}.Release|Any CPU.ActiveCfg = Release|Any CPU
		{140898DF-FD48-404E-9509-D83B0AC89FB6}.Release|Any CPU.Build.0 = Release|Any CPU
		{5860D67F-99F4-480E-8637-7C84B45F382A}.Debug|Any CPU.ActiveCfg = Debug|Any CPU
		{5860D67F-99F4-480E-8637-7C84B45F382A}.Debug|Any CPU.Build.0 = Debug|Any CPU
		{5860D67F-99F4-480E-8637-7C84B45F382A}.Release|Any CPU.ActiveCfg = Release|Any CPU
		{5860D67F-99F4-480E-8637-7C84B45F382A}.Release|Any CPU.Build.0 = Release|Any CPU
		{C2ED8E90-8EA4-47B7-9CED-B14BBADF5324}.Debug|Any CPU.ActiveCfg = Debug|Any CPU
		{C2ED8E90-8EA4-47B7-9CED-B14BBADF5324}.Debug|Any CPU.Build.0 = Debug|Any CPU
		{C2ED8E90-8EA4-47B7-9CED-B14BBADF5324}.Release|Any CPU.ActiveCfg = Release|Any CPU
		{C2ED8E90-8EA4-47B7-9CED-B14BBADF5324}.Release|Any CPU.Build.0 = Release|Any CPU
		{5FD7775B-BE53-4FF4-B039-97E1ADC8ADE5}.Debug|Any CPU.ActiveCfg = Debug|Any CPU
		{5FD7775B-BE53-4FF4-B039-97E1ADC8ADE5}.Debug|Any CPU.Build.0 = Debug|Any CPU
		{5FD7775B-BE53-4FF4-B039-97E1ADC8ADE5}.Release|Any CPU.ActiveCfg = Release|Any CPU
		{5FD7775B-BE53-4FF4-B039-97E1ADC8ADE5}.Release|Any CPU.Build.0 = Release|Any CPU
		{1F4A15E7-E1D3-4CE5-AF92-00DC4D27BD4D}.Debug|Any CPU.ActiveCfg = Debug|Any CPU
		{1F4A15E7-E1D3-4CE5-AF92-00DC4D27BD4D}.Debug|Any CPU.Build.0 = Debug|Any CPU
		{1F4A15E7-E1D3-4CE5-AF92-00DC4D27BD4D}.Release|Any CPU.ActiveCfg = Release|Any CPU
		{1F4A15E7-E1D3-4CE5-AF92-00DC4D27BD4D}.Release|Any CPU.Build.0 = Release|Any CPU
		{34F7E3F0-4078-437D-8DF5-152A8F9A6779}.Debug|Any CPU.ActiveCfg = Debug|Any CPU
		{34F7E3F0-4078-437D-8DF5-152A8F9A6779}.Debug|Any CPU.Build.0 = Debug|Any CPU
		{34F7E3F0-4078-437D-8DF5-152A8F9A6779}.Release|Any CPU.ActiveCfg = Release|Any CPU
		{34F7E3F0-4078-437D-8DF5-152A8F9A6779}.Release|Any CPU.Build.0 = Release|Any CPU
		{8E05A369-E94E-4120-B106-80B0B443775F}.Debug|Any CPU.ActiveCfg = Debug|Any CPU
		{8E05A369-E94E-4120-B106-80B0B443775F}.Debug|Any CPU.Build.0 = Debug|Any CPU
		{8E05A369-E94E-4120-B106-80B0B443775F}.Release|Any CPU.ActiveCfg = Release|Any CPU
		{8E05A369-E94E-4120-B106-80B0B443775F}.Release|Any CPU.Build.0 = Release|Any CPU
		{3011EA59-3E42-4DD7-89A8-CB3600040109}.Debug|Any CPU.ActiveCfg = Debug|Any CPU
		{3011EA59-3E42-4DD7-89A8-CB3600040109}.Debug|Any CPU.Build.0 = Debug|Any CPU
		{3011EA59-3E42-4DD7-89A8-CB3600040109}.Release|Any CPU.ActiveCfg = Release|Any CPU
		{3011EA59-3E42-4DD7-89A8-CB3600040109}.Release|Any CPU.Build.0 = Release|Any CPU
		{18B0AD06-FB29-415B-A365-730B7D6AFDC3}.Debug|Any CPU.ActiveCfg = Debug|Any CPU
		{18B0AD06-FB29-415B-A365-730B7D6AFDC3}.Debug|Any CPU.Build.0 = Debug|Any CPU
		{18B0AD06-FB29-415B-A365-730B7D6AFDC3}.Release|Any CPU.ActiveCfg = Release|Any CPU
		{18B0AD06-FB29-415B-A365-730B7D6AFDC3}.Release|Any CPU.Build.0 = Release|Any CPU
		{53822CF8-5DBE-40EB-9C6F-E7F3B2F6B8E3}.Debug|Any CPU.ActiveCfg = Debug|Any CPU
		{53822CF8-5DBE-40EB-9C6F-E7F3B2F6B8E3}.Debug|Any CPU.Build.0 = Debug|Any CPU
		{53822CF8-5DBE-40EB-9C6F-E7F3B2F6B8E3}.Release|Any CPU.ActiveCfg = Release|Any CPU
		{53822CF8-5DBE-40EB-9C6F-E7F3B2F6B8E3}.Release|Any CPU.Build.0 = Release|Any CPU
		{2B153E29-E73F-4A2C-B6F1-085C1371070C}.Debug|Any CPU.ActiveCfg = Debug|Any CPU
		{2B153E29-E73F-4A2C-B6F1-085C1371070C}.Debug|Any CPU.Build.0 = Debug|Any CPU
		{2B153E29-E73F-4A2C-B6F1-085C1371070C}.Release|Any CPU.ActiveCfg = Release|Any CPU
		{2B153E29-E73F-4A2C-B6F1-085C1371070C}.Release|Any CPU.Build.0 = Release|Any CPU
	EndGlobalSection
	GlobalSection(SolutionProperties) = preSolution
		HideSolutionNode = FALSE
	EndGlobalSection
	GlobalSection(ExtensibilityGlobals) = postSolution
		SolutionGuid = {2E94AF69-AE7C-4ADD-BB5A-86E918B74C10}
	EndGlobalSection
	GlobalSection(NestedProjects) = preSolution
		{D0813AA5-99A5-49DB-9106-76BE3BE14332} = {457FFD7A-C9A5-4648-98CE-A8F31DA196E9}
		{A765F3D2-BED3-44C5-9F32-5D54627918E6} = {CA3A4509-4BA4-4D31-BC1B-5713D70A1304}
		{2EAAED94-A72A-4337-979B-973331009462} = {A765F3D2-BED3-44C5-9F32-5D54627918E6}
		{3AAED4B1-CE14-4344-8FB1-356FD70528DF} = {A765F3D2-BED3-44C5-9F32-5D54627918E6}
		{FF8A9FF8-7ADD-4D45-80FA-176AA337596E} = {A765F3D2-BED3-44C5-9F32-5D54627918E6}
		{6C9952F5-8B9F-492F-8E48-463BD0C159CE} = {A765F3D2-BED3-44C5-9F32-5D54627918E6}
		{52FC9D1F-10A4-434F-944B-13F50C32691D} = {A765F3D2-BED3-44C5-9F32-5D54627918E6}
		{39644144-7FE2-4F80-B1B9-61C5FC6EDB9A} = {A765F3D2-BED3-44C5-9F32-5D54627918E6}
		{140898DF-FD48-404E-9509-D83B0AC89FB6} = {A765F3D2-BED3-44C5-9F32-5D54627918E6}
		{5860D67F-99F4-480E-8637-7C84B45F382A} = {A765F3D2-BED3-44C5-9F32-5D54627918E6}
		{C2ED8E90-8EA4-47B7-9CED-B14BBADF5324} = {A765F3D2-BED3-44C5-9F32-5D54627918E6}
		{5FD7775B-BE53-4FF4-B039-97E1ADC8ADE5} = {A765F3D2-BED3-44C5-9F32-5D54627918E6}
		{1F4A15E7-E1D3-4CE5-AF92-00DC4D27BD4D} = {A765F3D2-BED3-44C5-9F32-5D54627918E6}
		{34F7E3F0-4078-437D-8DF5-152A8F9A6779} = {1996A4D4-8A4C-44AD-87DB-70F852032E2A}
		{8E05A369-E94E-4120-B106-80B0B443775F} = {1996A4D4-8A4C-44AD-87DB-70F852032E2A}
		{3011EA59-3E42-4DD7-89A8-CB3600040109} = {1996A4D4-8A4C-44AD-87DB-70F852032E2A}
		{18B0AD06-FB29-415B-A365-730B7D6AFDC3} = {1996A4D4-8A4C-44AD-87DB-70F852032E2A}
		{53822CF8-5DBE-40EB-9C6F-E7F3B2F6B8E3} = {1996A4D4-8A4C-44AD-87DB-70F852032E2A}
		{2B153E29-E73F-4A2C-B6F1-085C1371070C} = {1996A4D4-8A4C-44AD-87DB-70F852032E2A}
	EndGlobalSection
EndGlobal
